
Microsoft Visual Studio Solution File, Format Version 12.00
# Visual Studio 15
VisualStudioVersion = 15.0.28307.421
MinimumVisualStudioVersion = 10.0.40219.1
Project("{8BC9CEB8-8B4A-11D0-8D11-00A0C91BC942}") = "QUE!", "QUE!\QUE!.vcxproj", "{B77BB976-8398-47DC-B519-2E7174B527B1}"
EndProject
Project("{8BC9CEB8-8B4A-11D0-8D11-00A0C91BC942}") = "question2", "question2\question2.vcxproj", "{AB05AA56-82D3-4BBD-88E7-10FA71DA3728}"
EndProject
Project("{8BC9CEB8-8B4A-11D0-8D11-00A0C91BC942}") = "question3", "question3\question3.vcxproj", "{CD5F43E4-F72F-4A58-BC26-CA256C7FDFE3}"
EndProject
Project("{8BC9CEB8-8B4A-11D0-8D11-00A0C91BC942}") = "question4", "question4\question4.vcxproj", "{8AEE490C-DA78-43D9-B752-53C04A903486}"
EndProject
Project("{8BC9CEB8-8B4A-11D0-8D11-00A0C91BC942}") = "QUESTION5", "QUESTION5\QUESTION5.vcxproj", "{F011F55F-AA1B-4D2E-B433-FF87948AFADF}"
EndProject
Project("{8BC9CEB8-8B4A-11D0-8D11-00A0C91BC942}") = "QUESTION6", "QUESTION6\QUESTION6.vcxproj", "{DE660D84-7900-4525-AC43-684C1C63D1EF}"
EndProject
Project("{8BC9CEB8-8B4A-11D0-8D11-00A0C91BC942}") = "QUESTION7", "QUESTION7\QUESTION7.vcxproj", "{8E1B8C6F-9D9D-4BCE-A669-F67E7AD6B9DA}"
EndProject
Project("{8BC9CEB8-8B4A-11D0-8D11-00A0C91BC942}") = "question8", "question8\question8.vcxproj", "{6ECA5160-EDC8-4056-953B-9FAFF44F98C6}"
EndProject
Project("{8BC9CEB8-8B4A-11D0-8D11-00A0C91BC942}") = "question9", "question9\question9.vcxproj", "{8AFC55FE-A7D3-47AB-B9A2-7D5B26B8EEA1}"
EndProject
Project("{8BC9CEB8-8B4A-11D0-8D11-00A0C91BC942}") = "question-10", "question-10\question-10.vcxproj", "{5F533E00-63F2-427A-9307-D26A2B6D81E9}"
EndProject
Project("{8BC9CEB8-8B4A-11D0-8D11-00A0C91BC942}") = "question-10(childprocess)", "question-10(childprocess)\question-10(childprocess).vcxproj", "{F93EBF30-D93C-457D-BD9C-F71EA3C337A8}"
EndProject
Project("{8BC9CEB8-8B4A-11D0-8D11-00A0C91BC942}") = "question-12", "question-12\question-12.vcxproj", "{2E2BCD38-6AFB-4451-B6C8-4B1B247CC677}"
EndProject
Project("{8BC9CEB8-8B4A-11D0-8D11-00A0C91BC942}") = "question-13", "question-13\question-13.vcxproj", "{CA6709C5-9C9C-49EC-8F24-9043D414986D}"
EndProject
Project("{8BC9CEB8-8B4A-11D0-8D11-00A0C91BC942}") = "question-14", "question-14\question-14.vcxproj", "{1A956E4A-084A-413E-91C2-A96C9FA11BAA}"
EndProject
Project("{8BC9CEB8-8B4A-11D0-8D11-00A0C91BC942}") = "question-15", "question-15\question-15.vcxproj", "{E59744D4-C7F7-4DAF-AC8D-EC6689DF6EC5}"
EndProject
Project("{8BC9CEB8-8B4A-11D0-8D11-00A0C91BC942}") = "question-16", "question-16\question-16.vcxproj", "{28B35F93-93C8-40DD-B47C-48660BEDB5FE}"
EndProject
Project("{8BC9CEB8-8B4A-11D0-8D11-00A0C91BC942}") = "question-16(part2)", "question-16(part2)\question-16(part2).vcxproj", "{B88C4F4D-AA76-492F-99FB-F6F98DD1B339}"
EndProject
Project("{8BC9CEB8-8B4A-11D0-8D11-00A0C91BC942}") = "QUESTION-17", "QUESTION-17\QUESTION-17.vcxproj", "{3E86342A-45DA-4A73-BD24-50F8552E5395}"
EndProject
Global
	GlobalSection(SolutionConfigurationPlatforms) = preSolution
		Debug|x64 = Debug|x64
		Debug|x86 = Debug|x86
		Release|x64 = Release|x64
		Release|x86 = Release|x86
	EndGlobalSection
	GlobalSection(ProjectConfigurationPlatforms) = postSolution
		{B77BB976-8398-47DC-B519-2E7174B527B1}.Debug|x64.ActiveCfg = Debug|x64
		{B77BB976-8398-47DC-B519-2E7174B527B1}.Debug|x64.Build.0 = Debug|x64
		{B77BB976-8398-47DC-B519-2E7174B527B1}.Debug|x86.ActiveCfg = Debug|Win32
		{B77BB976-8398-47DC-B519-2E7174B527B1}.Debug|x86.Build.0 = Debug|Win32
		{B77BB976-8398-47DC-B519-2E7174B527B1}.Release|x64.ActiveCfg = Release|x64
		{B77BB976-8398-47DC-B519-2E7174B527B1}.Release|x64.Build.0 = Release|x64
		{B77BB976-8398-47DC-B519-2E7174B527B1}.Release|x86.ActiveCfg = Release|Win32
		{B77BB976-8398-47DC-B519-2E7174B527B1}.Release|x86.Build.0 = Release|Win32
		{AB05AA56-82D3-4BBD-88E7-10FA71DA3728}.Debug|x64.ActiveCfg = Debug|x64
		{AB05AA56-82D3-4BBD-88E7-10FA71DA3728}.Debug|x64.Build.0 = Debug|x64
		{AB05AA56-82D3-4BBD-88E7-10FA71DA3728}.Debug|x86.ActiveCfg = Debug|Win32
		{AB05AA56-82D3-4BBD-88E7-10FA71DA3728}.Debug|x86.Build.0 = Debug|Win32
		{AB05AA56-82D3-4BBD-88E7-10FA71DA3728}.Release|x64.ActiveCfg = Release|x64
		{AB05AA56-82D3-4BBD-88E7-10FA71DA3728}.Release|x64.Build.0 = Release|x64
		{AB05AA56-82D3-4BBD-88E7-10FA71DA3728}.Release|x86.ActiveCfg = Release|Win32
		{AB05AA56-82D3-4BBD-88E7-10FA71DA3728}.Release|x86.Build.0 = Release|Win32
		{CD5F43E4-F72F-4A58-BC26-CA256C7FDFE3}.Debug|x64.ActiveCfg = Debug|x64
		{CD5F43E4-F72F-4A58-BC26-CA256C7FDFE3}.Debug|x64.Build.0 = Debug|x64
		{CD5F43E4-F72F-4A58-BC26-CA256C7FDFE3}.Debug|x86.ActiveCfg = Debug|Win32
		{CD5F43E4-F72F-4A58-BC26-CA256C7FDFE3}.Debug|x86.Build.0 = Debug|Win32
		{CD5F43E4-F72F-4A58-BC26-CA256C7FDFE3}.Release|x64.ActiveCfg = Release|x64
		{CD5F43E4-F72F-4A58-BC26-CA256C7FDFE3}.Release|x64.Build.0 = Release|x64
		{CD5F43E4-F72F-4A58-BC26-CA256C7FDFE3}.Release|x86.ActiveCfg = Release|Win32
		{CD5F43E4-F72F-4A58-BC26-CA256C7FDFE3}.Release|x86.Build.0 = Release|Win32
		{8AEE490C-DA78-43D9-B752-53C04A903486}.Debug|x64.ActiveCfg = Debug|x64
		{8AEE490C-DA78-43D9-B752-53C04A903486}.Debug|x64.Build.0 = Debug|x64
		{8AEE490C-DA78-43D9-B752-53C04A903486}.Debug|x86.ActiveCfg = Debug|Win32
		{8AEE490C-DA78-43D9-B752-53C04A903486}.Debug|x86.Build.0 = Debug|Win32
		{8AEE490C-DA78-43D9-B752-53C04A903486}.Release|x64.ActiveCfg = Release|x64
		{8AEE490C-DA78-43D9-B752-53C04A903486}.Release|x64.Build.0 = Release|x64
		{8AEE490C-DA78-43D9-B752-53C04A903486}.Release|x86.ActiveCfg = Release|Win32
		{8AEE490C-DA78-43D9-B752-53C04A903486}.Release|x86.Build.0 = Release|Win32
		{F011F55F-AA1B-4D2E-B433-FF87948AFADF}.Debug|x64.ActiveCfg = Debug|x64
		{F011F55F-AA1B-4D2E-B433-FF87948AFADF}.Debug|x64.Build.0 = Debug|x64
		{F011F55F-AA1B-4D2E-B433-FF87948AFADF}.Debug|x86.ActiveCfg = Debug|Win32
		{F011F55F-AA1B-4D2E-B433-FF87948AFADF}.Debug|x86.Build.0 = Debug|Win32
		{F011F55F-AA1B-4D2E-B433-FF87948AFADF}.Release|x64.ActiveCfg = Release|x64
		{F011F55F-AA1B-4D2E-B433-FF87948AFADF}.Release|x64.Build.0 = Release|x64
		{F011F55F-AA1B-4D2E-B433-FF87948AFADF}.Release|x86.ActiveCfg = Release|Win32
		{F011F55F-AA1B-4D2E-B433-FF87948AFADF}.Release|x86.Build.0 = Release|Win32
		{DE660D84-7900-4525-AC43-684C1C63D1EF}.Debug|x64.ActiveCfg = Debug|x64
		{DE660D84-7900-4525-AC43-684C1C63D1EF}.Debug|x64.Build.0 = Debug|x64
		{DE660D84-7900-4525-AC43-684C1C63D1EF}.Debug|x86.ActiveCfg = Debug|Win32
		{DE660D84-7900-4525-AC43-684C1C63D1EF}.Debug|x86.Build.0 = Debug|Win32
		{DE660D84-7900-4525-AC43-684C1C63D1EF}.Release|x64.ActiveCfg = Release|x64
		{DE660D84-7900-4525-AC43-684C1C63D1EF}.Release|x64.Build.0 = Release|x64
		{DE660D84-7900-4525-AC43-684C1C63D1EF}.Release|x86.ActiveCfg = Release|Win32
		{DE660D84-7900-4525-AC43-684C1C63D1EF}.Release|x86.Build.0 = Release|Win32
		{8E1B8C6F-9D9D-4BCE-A669-F67E7AD6B9DA}.Debug|x64.ActiveCfg = Debug|x64
		{8E1B8C6F-9D9D-4BCE-A669-F67E7AD6B9DA}.Debug|x64.Build.0 = Debug|x64
		{8E1B8C6F-9D9D-4BCE-A669-F67E7AD6B9DA}.Debug|x86.ActiveCfg = Debug|Win32
		{8E1B8C6F-9D9D-4BCE-A669-F67E7AD6B9DA}.Debug|x86.Build.0 = Debug|Win32
		{8E1B8C6F-9D9D-4BCE-A669-F67E7AD6B9DA}.Release|x64.ActiveCfg = Release|x64
		{8E1B8C6F-9D9D-4BCE-A669-F67E7AD6B9DA}.Release|x64.Build.0 = Release|x64
		{8E1B8C6F-9D9D-4BCE-A669-F67E7AD6B9DA}.Release|x86.ActiveCfg = Release|Win32
		{8E1B8C6F-9D9D-4BCE-A669-F67E7AD6B9DA}.Release|x86.Build.0 = Release|Win32
		{6ECA5160-EDC8-4056-953B-9FAFF44F98C6}.Debug|x64.ActiveCfg = Debug|x64
		{6ECA5160-EDC8-4056-953B-9FAFF44F98C6}.Debug|x64.Build.0 = Debug|x64
		{6ECA5160-EDC8-4056-953B-9FAFF44F98C6}.Debug|x86.ActiveCfg = Debug|Win32
		{6ECA5160-EDC8-4056-953B-9FAFF44F98C6}.Debug|x86.Build.0 = Debug|Win32
		{6ECA5160-EDC8-4056-953B-9FAFF44F98C6}.Release|x64.ActiveCfg = Release|x64
		{6ECA5160-EDC8-4056-953B-9FAFF44F98C6}.Release|x64.Build.0 = Release|x64
		{6ECA5160-EDC8-4056-953B-9FAFF44F98C6}.Release|x86.ActiveCfg = Release|Win32
		{6ECA5160-EDC8-4056-953B-9FAFF44F98C6}.Release|x86.Build.0 = Release|Win32
		{8AFC55FE-A7D3-47AB-B9A2-7D5B26B8EEA1}.Debug|x64.ActiveCfg = Debug|x64
		{8AFC55FE-A7D3-47AB-B9A2-7D5B26B8EEA1}.Debug|x64.Build.0 = Debug|x64
		{8AFC55FE-A7D3-47AB-B9A2-7D5B26B8EEA1}.Debug|x86.ActiveCfg = Debug|Win32
		{8AFC55FE-A7D3-47AB-B9A2-7D5B26B8EEA1}.Debug|x86.Build.0 = Debug|Win32
		{8AFC55FE-A7D3-47AB-B9A2-7D5B26B8EEA1}.Release|x64.ActiveCfg = Release|x64
		{8AFC55FE-A7D3-47AB-B9A2-7D5B26B8EEA1}.Release|x64.Build.0 = Release|x64
		{8AFC55FE-A7D3-47AB-B9A2-7D5B26B8EEA1}.Release|x86.ActiveCfg = Release|Win32
		{8AFC55FE-A7D3-47AB-B9A2-7D5B26B8EEA1}.Release|x86.Build.0 = Release|Win32
		{5F533E00-63F2-427A-9307-D26A2B6D81E9}.Debug|x64.ActiveCfg = Debug|x64
		{5F533E00-63F2-427A-9307-D26A2B6D81E9}.Debug|x64.Build.0 = Debug|x64
		{5F533E00-63F2-427A-9307-D26A2B6D81E9}.Debug|x86.ActiveCfg = Debug|Win32
		{5F533E00-63F2-427A-9307-D26A2B6D81E9}.Debug|x86.Build.0 = Debug|Win32
		{5F533E00-63F2-427A-9307-D26A2B6D81E9}.Release|x64.ActiveCfg = Release|x64
		{5F533E00-63F2-427A-9307-D26A2B6D81E9}.Release|x64.Build.0 = Release|x64
		{5F533E00-63F2-427A-9307-D26A2B6D81E9}.Release|x86.ActiveCfg = Release|Win32
		{5F533E00-63F2-427A-9307-D26A2B6D81E9}.Release|x86.Build.0 = Release|Win32
		{F93EBF30-D93C-457D-BD9C-F71EA3C337A8}.Debug|x64.ActiveCfg = Debug|x64
		{F93EBF30-D93C-457D-BD9C-F71EA3C337A8}.Debug|x64.Build.0 = Debug|x64
		{F93EBF30-D93C-457D-BD9C-F71EA3C337A8}.Debug|x86.ActiveCfg = Debug|Win32
		{F93EBF30-D93C-457D-BD9C-F71EA3C337A8}.Debug|x86.Build.0 = Debug|Win32
		{F93EBF30-D93C-457D-BD9C-F71EA3C337A8}.Release|x64.ActiveCfg = Release|x64
		{F93EBF30-D93C-457D-BD9C-F71EA3C337A8}.Release|x64.Build.0 = Release|x64
		{F93EBF30-D93C-457D-BD9C-F71EA3C337A8}.Release|x86.ActiveCfg = Release|Win32
		{F93EBF30-D93C-457D-BD9C-F71EA3C337A8}.Release|x86.Build.0 = Release|Win32
		{2E2BCD38-6AFB-4451-B6C8-4B1B247CC677}.Debug|x64.ActiveCfg = Debug|x64
		{2E2BCD38-6AFB-4451-B6C8-4B1B247CC677}.Debug|x64.Build.0 = Debug|x64
		{2E2BCD38-6AFB-4451-B6C8-4B1B247CC677}.Debug|x86.ActiveCfg = Debug|Win32
		{2E2BCD38-6AFB-4451-B6C8-4B1B247CC677}.Debug|x86.Build.0 = Debug|Win32
		{2E2BCD38-6AFB-4451-B6C8-4B1B247CC677}.Release|x64.ActiveCfg = Release|x64
		{2E2BCD38-6AFB-4451-B6C8-4B1B247CC677}.Release|x64.Build.0 = Release|x64
		{2E2BCD38-6AFB-4451-B6C8-4B1B247CC677}.Release|x86.ActiveCfg = Release|Win32
		{2E2BCD38-6AFB-4451-B6C8-4B1B247CC677}.Release|x86.Build.0 = Release|Win32
		{CA6709C5-9C9C-49EC-8F24-9043D414986D}.Debug|x64.ActiveCfg = Debug|x64
		{CA6709C5-9C9C-49EC-8F24-9043D414986D}.Debug|x64.Build.0 = Debug|x64
		{CA6709C5-9C9C-49EC-8F24-9043D414986D}.Debug|x86.ActiveCfg = Debug|Win32
		{CA6709C5-9C9C-49EC-8F24-9043D414986D}.Debug|x86.Build.0 = Debug|Win32
		{CA6709C5-9C9C-49EC-8F24-9043D414986D}.Release|x64.ActiveCfg = Release|x64
		{CA6709C5-9C9C-49EC-8F24-9043D414986D}.Release|x64.Build.0 = Release|x64
		{CA6709C5-9C9C-49EC-8F24-9043D414986D}.Release|x86.ActiveCfg = Release|Win32
		{CA6709C5-9C9C-49EC-8F24-9043D414986D}.Release|x86.Build.0 = Release|Win32
		{1A956E4A-084A-413E-91C2-A96C9FA11BAA}.Debug|x64.ActiveCfg = Debug|x64
		{1A956E4A-084A-413E-91C2-A96C9FA11BAA}.Debug|x64.Build.0 = Debug|x64
		{1A956E4A-084A-413E-91C2-A96C9FA11BAA}.Debug|x86.ActiveCfg = Debug|Win32
		{1A956E4A-084A-413E-91C2-A96C9FA11BAA}.Debug|x86.Build.0 = Debug|Win32
		{1A956E4A-084A-413E-91C2-A96C9FA11BAA}.Release|x64.ActiveCfg = Release|x64
		{1A956E4A-084A-413E-91C2-A96C9FA11BAA}.Release|x64.Build.0 = Release|x64
		{1A956E4A-084A-413E-91C2-A96C9FA11BAA}.Release|x86.ActiveCfg = Release|Win32
		{1A956E4A-084A-413E-91C2-A96C9FA11BAA}.Release|x86.Build.0 = Release|Win32
		{E59744D4-C7F7-4DAF-AC8D-EC6689DF6EC5}.Debug|x64.ActiveCfg = Debug|x64
		{E59744D4-C7F7-4DAF-AC8D-EC6689DF6EC5}.Debug|x64.Build.0 = Debug|x64
		{E59744D4-C7F7-4DAF-AC8D-EC6689DF6EC5}.Debug|x86.ActiveCfg = Debug|Win32
		{E59744D4-C7F7-4DAF-AC8D-EC6689DF6EC5}.Debug|x86.Build.0 = Debug|Win32
		{E59744D4-C7F7-4DAF-AC8D-EC6689DF6EC5}.Release|x64.ActiveCfg = Release|x64
		{E59744D4-C7F7-4DAF-AC8D-EC6689DF6EC5}.Release|x64.Build.0 = Release|x64
		{E59744D4-C7F7-4DAF-AC8D-EC6689DF6EC5}.Release|x86.ActiveCfg = Release|Win32
		{E59744D4-C7F7-4DAF-AC8D-EC6689DF6EC5}.Release|x86.Build.0 = Release|Win32
		{28B35F93-93C8-40DD-B47C-48660BEDB5FE}.Debug|x64.ActiveCfg = Debug|x64
		{28B35F93-93C8-40DD-B47C-48660BEDB5FE}.Debug|x64.Build.0 = Debug|x64
		{28B35F93-93C8-40DD-B47C-48660BEDB5FE}.Debug|x86.ActiveCfg = Debug|Win32
		{28B35F93-93C8-40DD-B47C-48660BEDB5FE}.Debug|x86.Build.0 = Debug|Win32
		{28B35F93-93C8-40DD-B47C-48660BEDB5FE}.Release|x64.ActiveCfg = Release|x64
		{28B35F93-93C8-40DD-B47C-48660BEDB5FE}.Release|x64.Build.0 = Release|x64
		{28B35F93-93C8-40DD-B47C-48660BEDB5FE}.Release|x86.ActiveCfg = Release|Win32
		{28B35F93-93C8-40DD-B47C-48660BEDB5FE}.Release|x86.Build.0 = Release|Win32
		{B88C4F4D-AA76-492F-99FB-F6F98DD1B339}.Debug|x64.ActiveCfg = Debug|x64
		{B88C4F4D-AA76-492F-99FB-F6F98DD1B339}.Debug|x64.Build.0 = Debug|x64
		{B88C4F4D-AA76-492F-99FB-F6F98DD1B339}.Debug|x86.ActiveCfg = Debug|Win32
		{B88C4F4D-AA76-492F-99FB-F6F98DD1B339}.Debug|x86.Build.0 = Debug|Win32
		{B88C4F4D-AA76-492F-99FB-F6F98DD1B339}.Release|x64.ActiveCfg = Release|x64
		{B88C4F4D-AA76-492F-99FB-F6F98DD1B339}.Release|x64.Build.0 = Release|x64
		{B88C4F4D-AA76-492F-99FB-F6F98DD1B339}.Release|x86.ActiveCfg = Release|Win32
		{B88C4F4D-AA76-492F-99FB-F6F98DD1B339}.Release|x86.Build.0 = Release|Win32
		{3E86342A-45DA-4A73-BD24-50F8552E5395}.Debug|x64.ActiveCfg = Debug|x64
		{3E86342A-45DA-4A73-BD24-50F8552E5395}.Debug|x64.Build.0 = Debug|x64
		{3E86342A-45DA-4A73-BD24-50F8552E5395}.Debug|x86.ActiveCfg = Debug|Win32
		{3E86342A-45DA-4A73-BD24-50F8552E5395}.Debug|x86.Build.0 = Debug|Win32
		{3E86342A-45DA-4A73-BD24-50F8552E5395}.Release|x64.ActiveCfg = Release|x64
		{3E86342A-45DA-4A73-BD24-50F8552E5395}.Release|x64.Build.0 = Release|x64
		{3E86342A-45DA-4A73-BD24-50F8552E5395}.Release|x86.ActiveCfg = Release|Win32
		{3E86342A-45DA-4A73-BD24-50F8552E5395}.Release|x86.Build.0 = Release|Win32
	EndGlobalSection
	GlobalSection(SolutionProperties) = preSolution
		HideSolutionNode = FALSE
	EndGlobalSection
	GlobalSection(ExtensibilityGlobals) = postSolution
		SolutionGuid = {170F6730-8C71-49BE-A43E-9A919AB6C0CB}
	EndGlobalSection
EndGlobal
