
Microsoft Visual Studio Solution File, Format Version 12.00
# Visual Studio 15
VisualStudioVersion = 15.0.28307.421
MinimumVisualStudioVersion = 10.0.40219.1
Project("{8BC9CEB8-8B4A-11D0-8D11-00A0C91BC942}") = "revisedprogram_strexpansion", "revisedprogram_strexpansion\revisedprogram_strexpansion.vcxproj", "{8E644C2B-7B27-46F9-94EA-064CD8B6E917}"
EndProject
Global
	GlobalSection(SolutionConfigurationPlatforms) = preSolution
		Debug|x64 = Debug|x64
		Debug|x86 = Debug|x86
		Release|x64 = Release|x64
		Release|x86 = Release|x86
	EndGlobalSection
	GlobalSection(ProjectConfigurationPlatforms) = postSolution
		{8E644C2B-7B27-46F9-94EA-064CD8B6E917}.Debug|x64.ActiveCfg = Debug|x64
		{8E644C2B-7B27-46F9-94EA-064CD8B6E917}.Debug|x64.Build.0 = Debug|x64
		{8E644C2B-7B27-46F9-94EA-064CD8B6E917}.Debug|x86.ActiveCfg = Debug|Win32
		{8E644C2B-7B27-46F9-94EA-064CD8B6E917}.Debug|x86.Build.0 = Debug|Win32
		{8E644C2B-7B27-46F9-94EA-064CD8B6E917}.Release|x64.ActiveCfg = Release|x64
		{8E644C2B-7B27-46F9-94EA-064CD8B6E917}.Release|x64.Build.0 = Release|x64
		{8E644C2B-7B27-46F9-94EA-064CD8B6E917}.Release|x86.ActiveCfg = Release|Win32
		{8E644C2B-7B27-46F9-94EA-064CD8B6E917}.Release|x86.Build.0 = Release|Win32
	EndGlobalSection
	GlobalSection(SolutionProperties) = preSolution
		HideSolutionNode = FALSE
	EndGlobalSection
	GlobalSection(ExtensibilityGlobals) = postSolution
		SolutionGuid = {6F8214B0-C94B-441A-8905-76D934EBF12E}
	EndGlobalSection
EndGlobal
